{
  "pins" : [
    {
      "identity" : "sentry-cocoa",
      "kind" : "remoteSourceControl",
      "location" : "https://github.com/getsentry/sentry-cocoa.git",
      "state" : {
        "revision" : "d062d9b31ccabdec706134f2216476d1996caf11",
        "version" : "8.10.0"
      }
    }
  ],
  "version" : 2
}
